// !$*UTF8*$!
{
	archiveVersion = 1;
	classes = {
	};
	objectVersion = 51;
	objects = {

/* Begin PBXBuildFile section */
		3E070DC926BF3C6600A0AA6C /* BlurEffect.swift in Sources */ = {isa = PBXBuildFile; fileRef = 3E070DC826BF3C6600A0AA6C /* BlurEffect.swift */; };
		3E19547526B8374E0036B1FC /* ScheduleView.swift in Sources */ = {isa = PBXBuildFile; fileRef = 3E19547426B8374E0036B1FC /* ScheduleView.swift */; };
		3E1CE92026B977E700BF0867 /* DateHelper.swift in Sources */ = {isa = PBXBuildFile; fileRef = 3E1CE91F26B977E700BF0867 /* DateHelper.swift */; };
		3E1D23DE26C1EE3A0055D3EC /* FeedbackChildView.swift in Sources */ = {isa = PBXBuildFile; fileRef = 3E1D23DD26C1EE3A0055D3EC /* FeedbackChildView.swift */; };
		3E3CFC4626A6F0C5007C2646 /* ChildView.swift in Sources */ = {isa = PBXBuildFile; fileRef = 3E3CFC4526A6F0C5007C2646 /* ChildView.swift */; };
		3E3CFC4926A6F69A007C2646 /* ColorExtension.swift in Sources */ = {isa = PBXBuildFile; fileRef = 3E3CFC4826A6F69A007C2646 /* ColorExtension.swift */; };
		3E3CFC4B26A70000007C2646 /* CornerRadiusExtension.swift in Sources */ = {isa = PBXBuildFile; fileRef = 3E3CFC4A26A70000007C2646 /* CornerRadiusExtension.swift */; };
		3E3CFC4E26A714F7007C2646 /* ActivityView.swift in Sources */ = {isa = PBXBuildFile; fileRef = 3E3CFC4D26A714F7007C2646 /* ActivityView.swift */; };
		3E8E53CA26B4362100D3853F /* WeekActivitiesView.swift in Sources */ = {isa = PBXBuildFile; fileRef = 3E8E53C926B4362100D3853F /* WeekActivitiesView.swift */; };
		3E8E53CC26B44E0000D3853F /* DailyActivitiesView.swift in Sources */ = {isa = PBXBuildFile; fileRef = 3E8E53CB26B44E0000D3853F /* DailyActivitiesView.swift */; };
		3ED8D18226B0565D00B50A94 /* PremiumActivityView.swift in Sources */ = {isa = PBXBuildFile; fileRef = 3ED8D18126B0565D00B50A94 /* PremiumActivityView.swift */; };
		5708DA5526B4342B007DFB66 /* ParentView.swift in Sources */ = {isa = PBXBuildFile; fileRef = 5708DA5426B4342B007DFB66 /* ParentView.swift */; };
		57218E2126A5B25000D8F1E2 /* AuTimeApp.swift in Sources */ = {isa = PBXBuildFile; fileRef = 57218E2026A5B25000D8F1E2 /* AuTimeApp.swift */; };
		57218E2326A5B25000D8F1E2 /* ContentView.swift in Sources */ = {isa = PBXBuildFile; fileRef = 57218E2226A5B25000D8F1E2 /* ContentView.swift */; };
		57218E2526A5B25100D8F1E2 /* Assets.xcassets in Resources */ = {isa = PBXBuildFile; fileRef = 57218E2426A5B25100D8F1E2 /* Assets.xcassets */; };
		57218E2826A5B25100D8F1E2 /* Preview Assets.xcassets in Resources */ = {isa = PBXBuildFile; fileRef = 57218E2726A5B25100D8F1E2 /* Preview Assets.xcassets */; };
		5779035326A5B4D800D856BD /* User.swift in Sources */ = {isa = PBXBuildFile; fileRef = 5779035126A5B4D800D856BD /* User.swift */; };
		5779035426A5B4D800D856BD /* Activity.swift in Sources */ = {isa = PBXBuildFile; fileRef = 5779035226A5B4D800D856BD /* Activity.swift */; };
		5779035826A5B4E300D856BD /* UserViewModel.swift in Sources */ = {isa = PBXBuildFile; fileRef = 5779035626A5B4E300D856BD /* UserViewModel.swift */; };
		5779035926A5B4E300D856BD /* ActivityViewModel.swift in Sources */ = {isa = PBXBuildFile; fileRef = 5779035726A5B4E300D856BD /* ActivityViewModel.swift */; };
		5779035C26A5B6A200D856BD /* GoogleService-Info.plist in Resources */ = {isa = PBXBuildFile; fileRef = 5779035B26A5B6A200D856BD /* GoogleService-Info.plist */; };
		5789EF3F26B81FA600218BE7 /* SideBarParentView.swift in Sources */ = {isa = PBXBuildFile; fileRef = 5789EF3E26B81FA600218BE7 /* SideBarParentView.swift */; };
		57A2F2F726AAEC12000A75AD /* SubActivity.swift in Sources */ = {isa = PBXBuildFile; fileRef = 57A2F2F626AAEC12000A75AD /* SubActivity.swift */; };
		57A2F2F926AAECFD000A75AD /* SubActivityViewModel.swift in Sources */ = {isa = PBXBuildFile; fileRef = 57A2F2F826AAECFD000A75AD /* SubActivityViewModel.swift */; };
		57A2F2FB26AAEF7B000A75AD /* SubActivitiesView.swift in Sources */ = {isa = PBXBuildFile; fileRef = 57A2F2FA26AAEF7B000A75AD /* SubActivitiesView.swift */; };
		57EA9D6926AEF75300439615 /* ImageViewModel.swift in Sources */ = {isa = PBXBuildFile; fileRef = 57EA9D6826AEF75300439615 /* ImageViewModel.swift */; };
		57FCA34726A85D3500A57732 /* SignUpView.swift in Sources */ = {isa = PBXBuildFile; fileRef = 57FCA34626A85D3500A57732 /* SignUpView.swift */; };
		B0B4ACDB67F730BBF623B69B /* Pods_AuTime.framework in Frameworks */ = {isa = PBXBuildFile; fileRef = 6B994875882FFECEE977B317 /* Pods_AuTime.framework */; };
/* End PBXBuildFile section */

/* Begin PBXFileReference section */
		3E070DC826BF3C6600A0AA6C /* BlurEffect.swift */ = {isa = PBXFileReference; lastKnownFileType = sourcecode.swift; path = BlurEffect.swift; sourceTree = "<group>"; };
		3E19547426B8374E0036B1FC /* ScheduleView.swift */ = {isa = PBXFileReference; lastKnownFileType = sourcecode.swift; path = ScheduleView.swift; sourceTree = "<group>"; };
		3E1CE91F26B977E700BF0867 /* DateHelper.swift */ = {isa = PBXFileReference; lastKnownFileType = sourcecode.swift; path = DateHelper.swift; sourceTree = "<group>"; };
		3E1D23DD26C1EE3A0055D3EC /* FeedbackChildView.swift */ = {isa = PBXFileReference; lastKnownFileType = sourcecode.swift; path = FeedbackChildView.swift; sourceTree = "<group>"; };
		3E3CFC4526A6F0C5007C2646 /* ChildView.swift */ = {isa = PBXFileReference; lastKnownFileType = sourcecode.swift; path = ChildView.swift; sourceTree = "<group>"; };
		3E3CFC4826A6F69A007C2646 /* ColorExtension.swift */ = {isa = PBXFileReference; lastKnownFileType = sourcecode.swift; path = ColorExtension.swift; sourceTree = "<group>"; };
		3E3CFC4A26A70000007C2646 /* CornerRadiusExtension.swift */ = {isa = PBXFileReference; lastKnownFileType = sourcecode.swift; path = CornerRadiusExtension.swift; sourceTree = "<group>"; };
		3E3CFC4D26A714F7007C2646 /* ActivityView.swift */ = {isa = PBXFileReference; lastKnownFileType = sourcecode.swift; path = ActivityView.swift; sourceTree = "<group>"; };
		3E8E53C926B4362100D3853F /* WeekActivitiesView.swift */ = {isa = PBXFileReference; lastKnownFileType = sourcecode.swift; path = WeekActivitiesView.swift; sourceTree = "<group>"; };
		3E8E53CB26B44E0000D3853F /* DailyActivitiesView.swift */ = {isa = PBXFileReference; lastKnownFileType = sourcecode.swift; path = DailyActivitiesView.swift; sourceTree = "<group>"; };
		3ED8D18126B0565D00B50A94 /* PremiumActivityView.swift */ = {isa = PBXFileReference; lastKnownFileType = sourcecode.swift; path = PremiumActivityView.swift; sourceTree = "<group>"; };
		5708DA5426B4342B007DFB66 /* ParentView.swift */ = {isa = PBXFileReference; lastKnownFileType = sourcecode.swift; path = ParentView.swift; sourceTree = "<group>"; };
		57218E1D26A5B25000D8F1E2 /* AuTime.app */ = {isa = PBXFileReference; explicitFileType = wrapper.application; includeInIndex = 0; path = AuTime.app; sourceTree = BUILT_PRODUCTS_DIR; };
		57218E2026A5B25000D8F1E2 /* AuTimeApp.swift */ = {isa = PBXFileReference; lastKnownFileType = sourcecode.swift; path = AuTimeApp.swift; sourceTree = "<group>"; };
		57218E2226A5B25000D8F1E2 /* ContentView.swift */ = {isa = PBXFileReference; lastKnownFileType = sourcecode.swift; path = ContentView.swift; sourceTree = "<group>"; };
		57218E2426A5B25100D8F1E2 /* Assets.xcassets */ = {isa = PBXFileReference; lastKnownFileType = folder.assetcatalog; path = Assets.xcassets; sourceTree = "<group>"; };
		57218E2726A5B25100D8F1E2 /* Preview Assets.xcassets */ = {isa = PBXFileReference; lastKnownFileType = folder.assetcatalog; path = "Preview Assets.xcassets"; sourceTree = "<group>"; };
		57218E2926A5B25100D8F1E2 /* Info.plist */ = {isa = PBXFileReference; lastKnownFileType = text.plist.xml; path = Info.plist; sourceTree = "<group>"; };
		5779035126A5B4D800D856BD /* User.swift */ = {isa = PBXFileReference; fileEncoding = 4; lastKnownFileType = sourcecode.swift; path = User.swift; sourceTree = "<group>"; };
		5779035226A5B4D800D856BD /* Activity.swift */ = {isa = PBXFileReference; fileEncoding = 4; lastKnownFileType = sourcecode.swift; path = Activity.swift; sourceTree = "<group>"; };
		5779035626A5B4E300D856BD /* UserViewModel.swift */ = {isa = PBXFileReference; fileEncoding = 4; lastKnownFileType = sourcecode.swift; path = UserViewModel.swift; sourceTree = "<group>"; };
		5779035726A5B4E300D856BD /* ActivityViewModel.swift */ = {isa = PBXFileReference; fileEncoding = 4; lastKnownFileType = sourcecode.swift; path = ActivityViewModel.swift; sourceTree = "<group>"; };
		5779035B26A5B6A200D856BD /* GoogleService-Info.plist */ = {isa = PBXFileReference; fileEncoding = 4; lastKnownFileType = text.plist.xml; path = "GoogleService-Info.plist"; sourceTree = "<group>"; };
		5789EF3E26B81FA600218BE7 /* SideBarParentView.swift */ = {isa = PBXFileReference; lastKnownFileType = sourcecode.swift; path = SideBarParentView.swift; sourceTree = "<group>"; };
		57A2F2F626AAEC12000A75AD /* SubActivity.swift */ = {isa = PBXFileReference; lastKnownFileType = sourcecode.swift; path = SubActivity.swift; sourceTree = "<group>"; };
		57A2F2F826AAECFD000A75AD /* SubActivityViewModel.swift */ = {isa = PBXFileReference; lastKnownFileType = sourcecode.swift; path = SubActivityViewModel.swift; sourceTree = "<group>"; };
		57A2F2FA26AAEF7B000A75AD /* SubActivitiesView.swift */ = {isa = PBXFileReference; lastKnownFileType = sourcecode.swift; path = SubActivitiesView.swift; sourceTree = "<group>"; };
		57EA9D6826AEF75300439615 /* ImageViewModel.swift */ = {isa = PBXFileReference; lastKnownFileType = sourcecode.swift; path = ImageViewModel.swift; sourceTree = "<group>"; };
		57FCA34626A85D3500A57732 /* SignUpView.swift */ = {isa = PBXFileReference; lastKnownFileType = sourcecode.swift; path = SignUpView.swift; sourceTree = "<group>"; };
		6B994875882FFECEE977B317 /* Pods_AuTime.framework */ = {isa = PBXFileReference; explicitFileType = wrapper.framework; includeInIndex = 0; path = Pods_AuTime.framework; sourceTree = BUILT_PRODUCTS_DIR; };
		9DF1721293E595517E718A96 /* Pods-AuTime.debug.xcconfig */ = {isa = PBXFileReference; includeInIndex = 1; lastKnownFileType = text.xcconfig; name = "Pods-AuTime.debug.xcconfig"; path = "Target Support Files/Pods-AuTime/Pods-AuTime.debug.xcconfig"; sourceTree = "<group>"; };
		EF3448A9F074768624D993B6 /* Pods-AuTime.release.xcconfig */ = {isa = PBXFileReference; includeInIndex = 1; lastKnownFileType = text.xcconfig; name = "Pods-AuTime.release.xcconfig"; path = "Target Support Files/Pods-AuTime/Pods-AuTime.release.xcconfig"; sourceTree = "<group>"; };
/* End PBXFileReference section */

/* Begin PBXFrameworksBuildPhase section */
		57218E1A26A5B25000D8F1E2 /* Frameworks */ = {
			isa = PBXFrameworksBuildPhase;
			buildActionMask = 2147483647;
			files = (
				B0B4ACDB67F730BBF623B69B /* Pods_AuTime.framework in Frameworks */,
			);
			runOnlyForDeploymentPostprocessing = 0;
		};
/* End PBXFrameworksBuildPhase section */

/* Begin PBXGroup section */
		2D3B00CFF27A411E94928EC1 /* Frameworks */ = {
			isa = PBXGroup;
			children = (
				6B994875882FFECEE977B317 /* Pods_AuTime.framework */,
			);
			name = Frameworks;
			sourceTree = "<group>";
		};
		3E1CE91E26B977D200BF0867 /* Helper */ = {
			isa = PBXGroup;
			children = (
				3E1CE91F26B977E700BF0867 /* DateHelper.swift */,
			);
			path = Helper;
			sourceTree = "<group>";
		};
		3E3CFC4726A6F682007C2646 /* Extensions */ = {
			isa = PBXGroup;
			children = (
				3E3CFC4826A6F69A007C2646 /* ColorExtension.swift */,
				3E3CFC4A26A70000007C2646 /* CornerRadiusExtension.swift */,
				3E070DC826BF3C6600A0AA6C /* BlurEffect.swift */,
			);
			path = Extensions;
			sourceTree = "<group>";
		};
		3E3CFC4C26A714E7007C2646 /* Subviews */ = {
			isa = PBXGroup;
			children = (
				3E3CFC4D26A714F7007C2646 /* ActivityView.swift */,
				3ED8D18126B0565D00B50A94 /* PremiumActivityView.swift */,
				5789EF3E26B81FA600218BE7 /* SideBarParentView.swift */,
				3E8E53C926B4362100D3853F /* WeekActivitiesView.swift */,
				3E8E53CB26B44E0000D3853F /* DailyActivitiesView.swift */,
				3E19547426B8374E0036B1FC /* ScheduleView.swift */,
				57A2F2FA26AAEF7B000A75AD /* SubActivitiesView.swift */,
				3E1D23DD26C1EE3A0055D3EC /* FeedbackChildView.swift */,
			);
			path = Subviews;
			sourceTree = "<group>";
		};
		57218E1426A5B25000D8F1E2 = {
			isa = PBXGroup;
			children = (
				57218E1F26A5B25000D8F1E2 /* AuTime */,
				57218E1E26A5B25000D8F1E2 /* Products */,
				D9924EB116F721E29CFA775C /* Pods */,
				2D3B00CFF27A411E94928EC1 /* Frameworks */,
			);
			sourceTree = "<group>";
		};
		57218E1E26A5B25000D8F1E2 /* Products */ = {
			isa = PBXGroup;
			children = (
				57218E1D26A5B25000D8F1E2 /* AuTime.app */,
			);
			name = Products;
			sourceTree = "<group>";
		};
		57218E1F26A5B25000D8F1E2 /* AuTime */ = {
			isa = PBXGroup;
			children = (
				5779035B26A5B6A200D856BD /* GoogleService-Info.plist */,
				57218E2026A5B25000D8F1E2 /* AuTimeApp.swift */,
				5779035026A5B4D800D856BD /* Model */,
				5779035A26A5B52D00D856BD /* View */,
				5779035526A5B4E300D856BD /* ViewModel */,
				3E3CFC4726A6F682007C2646 /* Extensions */,
				3E1CE91E26B977D200BF0867 /* Helper */,
				57218E2426A5B25100D8F1E2 /* Assets.xcassets */,
				57218E2926A5B25100D8F1E2 /* Info.plist */,
				57218E2626A5B25100D8F1E2 /* Preview Content */,
			);
			path = AuTime;
			sourceTree = "<group>";
		};
		57218E2626A5B25100D8F1E2 /* Preview Content */ = {
			isa = PBXGroup;
			children = (
				57218E2726A5B25100D8F1E2 /* Preview Assets.xcassets */,
			);
			path = "Preview Content";
			sourceTree = "<group>";
		};
		5779035026A5B4D800D856BD /* Model */ = {
			isa = PBXGroup;
			children = (
				5779035126A5B4D800D856BD /* User.swift */,
				5779035226A5B4D800D856BD /* Activity.swift */,
				57A2F2F626AAEC12000A75AD /* SubActivity.swift */,
			);
			path = Model;
			sourceTree = "<group>";
		};
		5779035526A5B4E300D856BD /* ViewModel */ = {
			isa = PBXGroup;
			children = (
				5779035626A5B4E300D856BD /* UserViewModel.swift */,
				5779035726A5B4E300D856BD /* ActivityViewModel.swift */,
				57A2F2F826AAECFD000A75AD /* SubActivityViewModel.swift */,
				57EA9D6826AEF75300439615 /* ImageViewModel.swift */,
			);
			path = ViewModel;
			sourceTree = "<group>";
		};
		5779035A26A5B52D00D856BD /* View */ = {
			isa = PBXGroup;
			children = (
				3E3CFC4C26A714E7007C2646 /* Subviews */,
				57218E2226A5B25000D8F1E2 /* ContentView.swift */,
				3E3CFC4526A6F0C5007C2646 /* ChildView.swift */,
				5708DA5426B4342B007DFB66 /* ParentView.swift */,
				57FCA34626A85D3500A57732 /* SignUpView.swift */,
			);
			path = View;
			sourceTree = "<group>";
		};
		D9924EB116F721E29CFA775C /* Pods */ = {
			isa = PBXGroup;
			children = (
				9DF1721293E595517E718A96 /* Pods-AuTime.debug.xcconfig */,
				EF3448A9F074768624D993B6 /* Pods-AuTime.release.xcconfig */,
			);
			path = Pods;
			sourceTree = "<group>";
		};
/* End PBXGroup section */

/* Begin PBXNativeTarget section */
		57218E1C26A5B25000D8F1E2 /* AuTime */ = {
			isa = PBXNativeTarget;
			buildConfigurationList = 57218E2C26A5B25100D8F1E2 /* Build configuration list for PBXNativeTarget "AuTime" */;
			buildPhases = (
				ECE44A050E0A4DE61A3ACB77 /* [CP] Check Pods Manifest.lock */,
				57218E1926A5B25000D8F1E2 /* Sources */,
				57218E1A26A5B25000D8F1E2 /* Frameworks */,
				57218E1B26A5B25000D8F1E2 /* Resources */,
				DFE21081970D520CB31922D3 /* [CP] Embed Pods Frameworks */,
			);
			buildRules = (
			);
			dependencies = (
			);
			name = AuTime;
			productName = AuTime;
			productReference = 57218E1D26A5B25000D8F1E2 /* AuTime.app */;
			productType = "com.apple.product-type.application";
		};
/* End PBXNativeTarget section */

/* Begin PBXProject section */
		57218E1526A5B25000D8F1E2 /* Project object */ = {
			isa = PBXProject;
			attributes = {
				LastSwiftUpdateCheck = 1250;
				LastUpgradeCheck = 1250;
				TargetAttributes = {
					57218E1C26A5B25000D8F1E2 = {
						CreatedOnToolsVersion = 12.5.1;
					};
				};
			};
			buildConfigurationList = 57218E1826A5B25000D8F1E2 /* Build configuration list for PBXProject "AuTime" */;
			compatibilityVersion = "Xcode 9.3";
			developmentRegion = en;
			hasScannedForEncodings = 0;
			knownRegions = (
				en,
				Base,
			);
			mainGroup = 57218E1426A5B25000D8F1E2;
			productRefGroup = 57218E1E26A5B25000D8F1E2 /* Products */;
			projectDirPath = "";
			projectRoot = "";
			targets = (
				57218E1C26A5B25000D8F1E2 /* AuTime */,
			);
		};
/* End PBXProject section */

/* Begin PBXResourcesBuildPhase section */
		57218E1B26A5B25000D8F1E2 /* Resources */ = {
			isa = PBXResourcesBuildPhase;
			buildActionMask = 2147483647;
			files = (
				57218E2826A5B25100D8F1E2 /* Preview Assets.xcassets in Resources */,
				57218E2526A5B25100D8F1E2 /* Assets.xcassets in Resources */,
				5779035C26A5B6A200D856BD /* GoogleService-Info.plist in Resources */,
			);
			runOnlyForDeploymentPostprocessing = 0;
		};
/* End PBXResourcesBuildPhase section */

/* Begin PBXShellScriptBuildPhase section */
		DFE21081970D520CB31922D3 /* [CP] Embed Pods Frameworks */ = {
			isa = PBXShellScriptBuildPhase;
			buildActionMask = 2147483647;
			files = (
			);
			inputFileListPaths = (
				"${PODS_ROOT}/Target Support Files/Pods-AuTime/Pods-AuTime-frameworks-${CONFIGURATION}-input-files.xcfilelist",
			);
			name = "[CP] Embed Pods Frameworks";
			outputFileListPaths = (
				"${PODS_ROOT}/Target Support Files/Pods-AuTime/Pods-AuTime-frameworks-${CONFIGURATION}-output-files.xcfilelist",
			);
			runOnlyForDeploymentPostprocessing = 0;
			shellPath = /bin/sh;
			shellScript = "\"${PODS_ROOT}/Target Support Files/Pods-AuTime/Pods-AuTime-frameworks.sh\"\n";
			showEnvVarsInLog = 0;
		};
		ECE44A050E0A4DE61A3ACB77 /* [CP] Check Pods Manifest.lock */ = {
			isa = PBXShellScriptBuildPhase;
			buildActionMask = 2147483647;
			files = (
			);
			inputFileListPaths = (
			);
			inputPaths = (
				"${PODS_PODFILE_DIR_PATH}/Podfile.lock",
				"${PODS_ROOT}/Manifest.lock",
			);
			name = "[CP] Check Pods Manifest.lock";
			outputFileListPaths = (
			);
			outputPaths = (
				"$(DERIVED_FILE_DIR)/Pods-AuTime-checkManifestLockResult.txt",
			);
			runOnlyForDeploymentPostprocessing = 0;
			shellPath = /bin/sh;
			shellScript = "diff \"${PODS_PODFILE_DIR_PATH}/Podfile.lock\" \"${PODS_ROOT}/Manifest.lock\" > /dev/null\nif [ $? != 0 ] ; then\n    # print error to STDERR\n    echo \"error: The sandbox is not in sync with the Podfile.lock. Run 'pod install' or update your CocoaPods installation.\" >&2\n    exit 1\nfi\n# This output is used by Xcode 'outputs' to avoid re-running this script phase.\necho \"SUCCESS\" > \"${SCRIPT_OUTPUT_FILE_0}\"\n";
			showEnvVarsInLog = 0;
		};
/* End PBXShellScriptBuildPhase section */

/* Begin PBXSourcesBuildPhase section */
		57218E1926A5B25000D8F1E2 /* Sources */ = {
			isa = PBXSourcesBuildPhase;
			buildActionMask = 2147483647;
			files = (
				3E070DC926BF3C6600A0AA6C /* BlurEffect.swift in Sources */,
				57A2F2F926AAECFD000A75AD /* SubActivityViewModel.swift in Sources */,
				57218E2326A5B25000D8F1E2 /* ContentView.swift in Sources */,
				57218E2126A5B25000D8F1E2 /* AuTimeApp.swift in Sources */,
				5779035426A5B4D800D856BD /* Activity.swift in Sources */,
				57A2F2F726AAEC12000A75AD /* SubActivity.swift in Sources */,
				3E1D23DE26C1EE3A0055D3EC /* FeedbackChildView.swift in Sources */,
				3E8E53CC26B44E0000D3853F /* DailyActivitiesView.swift in Sources */,
				3ED8D18226B0565D00B50A94 /* PremiumActivityView.swift in Sources */,
				3E8E53CA26B4362100D3853F /* WeekActivitiesView.swift in Sources */,
				3E3CFC4E26A714F7007C2646 /* ActivityView.swift in Sources */,
				3E1CE92026B977E700BF0867 /* DateHelper.swift in Sources */,
				3E3CFC4926A6F69A007C2646 /* ColorExtension.swift in Sources */,
				57FCA34726A85D3500A57732 /* SignUpView.swift in Sources */,
				5789EF3F26B81FA600218BE7 /* SideBarParentView.swift in Sources */,
				5779035826A5B4E300D856BD /* UserViewModel.swift in Sources */,
				5779035326A5B4D800D856BD /* User.swift in Sources */,
				57A2F2FB26AAEF7B000A75AD /* SubActivitiesView.swift in Sources */,
				57EA9D6926AEF75300439615 /* ImageViewModel.swift in Sources */,
				3E3CFC4626A6F0C5007C2646 /* ChildView.swift in Sources */,
				3E19547526B8374E0036B1FC /* ScheduleView.swift in Sources */,
				5779035926A5B4E300D856BD /* ActivityViewModel.swift in Sources */,
				3E3CFC4B26A70000007C2646 /* CornerRadiusExtension.swift in Sources */,
				5708DA5526B4342B007DFB66 /* ParentView.swift in Sources */,
			);
			runOnlyForDeploymentPostprocessing = 0;
		};
/* End PBXSourcesBuildPhase section */

/* Begin XCBuildConfiguration section */
		57218E2A26A5B25100D8F1E2 /* Debug */ = {
			isa = XCBuildConfiguration;
			buildSettings = {
				ALWAYS_SEARCH_USER_PATHS = NO;
				CLANG_ANALYZER_NONNULL = YES;
				CLANG_ANALYZER_NUMBER_OBJECT_CONVERSION = YES_AGGRESSIVE;
				CLANG_CXX_LANGUAGE_STANDARD = "gnu++14";
				CLANG_CXX_LIBRARY = "libc++";
				CLANG_ENABLE_MODULES = YES;
				CLANG_ENABLE_OBJC_ARC = YES;
				CLANG_ENABLE_OBJC_WEAK = YES;
				CLANG_WARN_BLOCK_CAPTURE_AUTORELEASING = YES;
				CLANG_WARN_BOOL_CONVERSION = YES;
				CLANG_WARN_COMMA = YES;
				CLANG_WARN_CONSTANT_CONVERSION = YES;
				CLANG_WARN_DEPRECATED_OBJC_IMPLEMENTATIONS = YES;
				CLANG_WARN_DIRECT_OBJC_ISA_USAGE = YES_ERROR;
				CLANG_WARN_DOCUMENTATION_COMMENTS = YES;
				CLANG_WARN_EMPTY_BODY = YES;
				CLANG_WARN_ENUM_CONVERSION = YES;
				CLANG_WARN_INFINITE_RECURSION = YES;
				CLANG_WARN_INT_CONVERSION = YES;
				CLANG_WARN_NON_LITERAL_NULL_CONVERSION = YES;
				CLANG_WARN_OBJC_IMPLICIT_RETAIN_SELF = YES;
				CLANG_WARN_OBJC_LITERAL_CONVERSION = YES;
				CLANG_WARN_OBJC_ROOT_CLASS = YES_ERROR;
				CLANG_WARN_QUOTED_INCLUDE_IN_FRAMEWORK_HEADER = YES;
				CLANG_WARN_RANGE_LOOP_ANALYSIS = YES;
				CLANG_WARN_STRICT_PROTOTYPES = YES;
				CLANG_WARN_SUSPICIOUS_MOVE = YES;
				CLANG_WARN_UNGUARDED_AVAILABILITY = YES_AGGRESSIVE;
				CLANG_WARN_UNREACHABLE_CODE = YES;
				CLANG_WARN__DUPLICATE_METHOD_MATCH = YES;
				COPY_PHASE_STRIP = NO;
				DEBUG_INFORMATION_FORMAT = dwarf;
				ENABLE_STRICT_OBJC_MSGSEND = YES;
				ENABLE_TESTABILITY = YES;
				GCC_C_LANGUAGE_STANDARD = gnu11;
				GCC_DYNAMIC_NO_PIC = NO;
				GCC_NO_COMMON_BLOCKS = YES;
				GCC_OPTIMIZATION_LEVEL = 0;
				GCC_PREPROCESSOR_DEFINITIONS = (
					"DEBUG=1",
					"$(inherited)",
				);
				GCC_WARN_64_TO_32_BIT_CONVERSION = YES;
				GCC_WARN_ABOUT_RETURN_TYPE = YES_ERROR;
				GCC_WARN_UNDECLARED_SELECTOR = YES;
				GCC_WARN_UNINITIALIZED_AUTOS = YES_AGGRESSIVE;
				GCC_WARN_UNUSED_FUNCTION = YES;
				GCC_WARN_UNUSED_VARIABLE = YES;
				IPHONEOS_DEPLOYMENT_TARGET = 14.5;
				MTL_ENABLE_DEBUG_INFO = INCLUDE_SOURCE;
				MTL_FAST_MATH = YES;
				ONLY_ACTIVE_ARCH = YES;
				SDKROOT = iphoneos;
				SWIFT_ACTIVE_COMPILATION_CONDITIONS = DEBUG;
				SWIFT_OPTIMIZATION_LEVEL = "-Onone";
			};
			name = Debug;
		};
		57218E2B26A5B25100D8F1E2 /* Release */ = {
			isa = XCBuildConfiguration;
			buildSettings = {
				ALWAYS_SEARCH_USER_PATHS = NO;
				CLANG_ANALYZER_NONNULL = YES;
				CLANG_ANALYZER_NUMBER_OBJECT_CONVERSION = YES_AGGRESSIVE;
				CLANG_CXX_LANGUAGE_STANDARD = "gnu++14";
				CLANG_CXX_LIBRARY = "libc++";
				CLANG_ENABLE_MODULES = YES;
				CLANG_ENABLE_OBJC_ARC = YES;
				CLANG_ENABLE_OBJC_WEAK = YES;
				CLANG_WARN_BLOCK_CAPTURE_AUTORELEASING = YES;
				CLANG_WARN_BOOL_CONVERSION = YES;
				CLANG_WARN_COMMA = YES;
				CLANG_WARN_CONSTANT_CONVERSION = YES;
				CLANG_WARN_DEPRECATED_OBJC_IMPLEMENTATIONS = YES;
				CLANG_WARN_DIRECT_OBJC_ISA_USAGE = YES_ERROR;
				CLANG_WARN_DOCUMENTATION_COMMENTS = YES;
				CLANG_WARN_EMPTY_BODY = YES;
				CLANG_WARN_ENUM_CONVERSION = YES;
				CLANG_WARN_INFINITE_RECURSION = YES;
				CLANG_WARN_INT_CONVERSION = YES;
				CLANG_WARN_NON_LITERAL_NULL_CONVERSION = YES;
				CLANG_WARN_OBJC_IMPLICIT_RETAIN_SELF = YES;
				CLANG_WARN_OBJC_LITERAL_CONVERSION = YES;
				CLANG_WARN_OBJC_ROOT_CLASS = YES_ERROR;
				CLANG_WARN_QUOTED_INCLUDE_IN_FRAMEWORK_HEADER = YES;
				CLANG_WARN_RANGE_LOOP_ANALYSIS = YES;
				CLANG_WARN_STRICT_PROTOTYPES = YES;
				CLANG_WARN_SUSPICIOUS_MOVE = YES;
				CLANG_WARN_UNGUARDED_AVAILABILITY = YES_AGGRESSIVE;
				CLANG_WARN_UNREACHABLE_CODE = YES;
				CLANG_WARN__DUPLICATE_METHOD_MATCH = YES;
				COPY_PHASE_STRIP = NO;
				DEBUG_INFORMATION_FORMAT = "dwarf-with-dsym";
				ENABLE_NS_ASSERTIONS = NO;
				ENABLE_STRICT_OBJC_MSGSEND = YES;
				GCC_C_LANGUAGE_STANDARD = gnu11;
				GCC_NO_COMMON_BLOCKS = YES;
				GCC_WARN_64_TO_32_BIT_CONVERSION = YES;
				GCC_WARN_ABOUT_RETURN_TYPE = YES_ERROR;
				GCC_WARN_UNDECLARED_SELECTOR = YES;
				GCC_WARN_UNINITIALIZED_AUTOS = YES_AGGRESSIVE;
				GCC_WARN_UNUSED_FUNCTION = YES;
				GCC_WARN_UNUSED_VARIABLE = YES;
				IPHONEOS_DEPLOYMENT_TARGET = 14.5;
				MTL_ENABLE_DEBUG_INFO = NO;
				MTL_FAST_MATH = YES;
				SDKROOT = iphoneos;
				SWIFT_COMPILATION_MODE = wholemodule;
				SWIFT_OPTIMIZATION_LEVEL = "-O";
				VALIDATE_PRODUCT = YES;
			};
			name = Release;
		};
		57218E2D26A5B25100D8F1E2 /* Debug */ = {
			isa = XCBuildConfiguration;
			baseConfigurationReference = 9DF1721293E595517E718A96 /* Pods-AuTime.debug.xcconfig */;
			buildSettings = {
				ASSETCATALOG_COMPILER_APPICON_NAME = AppIcon;
				ASSETCATALOG_COMPILER_GLOBAL_ACCENT_COLOR_NAME = AccentColor;
				CODE_SIGN_STYLE = Automatic;
				DEVELOPMENT_ASSET_PATHS = "\"AuTime/Preview Content\"";
				DEVELOPMENT_TEAM = FTH34SW9QV;
				ENABLE_PREVIEWS = YES;
				INFOPLIST_FILE = AuTime/Info.plist;
				IPHONEOS_DEPLOYMENT_TARGET = 14.0;
				LD_RUNPATH_SEARCH_PATHS = (
					"$(inherited)",
					"@executable_path/Frameworks",
				);
				PRODUCT_BUNDLE_IDENTIFIER = academy.ufpe.br.AuTime;
				PRODUCT_NAME = "$(TARGET_NAME)";
				SWIFT_VERSION = 5.0;
				TARGETED_DEVICE_FAMILY = "1,2";
			};
			name = Debug;
		};
		57218E2E26A5B25100D8F1E2 /* Release */ = {
			isa = XCBuildConfiguration;
			baseConfigurationReference = EF3448A9F074768624D993B6 /* Pods-AuTime.release.xcconfig */;
			buildSettings = {
				ASSETCATALOG_COMPILER_APPICON_NAME = AppIcon;
				ASSETCATALOG_COMPILER_GLOBAL_ACCENT_COLOR_NAME = AccentColor;
				CODE_SIGN_STYLE = Automatic;
				DEVELOPMENT_ASSET_PATHS = "\"AuTime/Preview Content\"";
				DEVELOPMENT_TEAM = FTH34SW9QV;
				ENABLE_PREVIEWS = YES;
				INFOPLIST_FILE = AuTime/Info.plist;
				IPHONEOS_DEPLOYMENT_TARGET = 14.0;
				LD_RUNPATH_SEARCH_PATHS = (
					"$(inherited)",
					"@executable_path/Frameworks",
				);
				PRODUCT_BUNDLE_IDENTIFIER = academy.ufpe.br.AuTime;
				PRODUCT_NAME = "$(TARGET_NAME)";
				SWIFT_VERSION = 5.0;
				TARGETED_DEVICE_FAMILY = "1,2";
			};
			name = Release;
		};
/* End XCBuildConfiguration section */

/* Begin XCConfigurationList section */
		57218E1826A5B25000D8F1E2 /* Build configuration list for PBXProject "AuTime" */ = {
			isa = XCConfigurationList;
			buildConfigurations = (
				57218E2A26A5B25100D8F1E2 /* Debug */,
				57218E2B26A5B25100D8F1E2 /* Release */,
			);
			defaultConfigurationIsVisible = 0;
			defaultConfigurationName = Release;
		};
		57218E2C26A5B25100D8F1E2 /* Build configuration list for PBXNativeTarget "AuTime" */ = {
			isa = XCConfigurationList;
			buildConfigurations = (
				57218E2D26A5B25100D8F1E2 /* Debug */,
				57218E2E26A5B25100D8F1E2 /* Release */,
			);
			defaultConfigurationIsVisible = 0;
			defaultConfigurationName = Release;
		};
/* End XCConfigurationList section */
	};
	rootObject = 57218E1526A5B25000D8F1E2 /* Project object */;
}
