// !$*UTF8*$!
{
	archiveVersion = 1;
	classes = {
	};
	objectVersion = 51;
	objects = {

/* Begin PBXBuildFile section */
		324E912D496C2693AB4083B9 /* Pods_AuTime.framework in Frameworks */ = {isa = PBXBuildFile; fileRef = F799E0DFD49BC761124EEE93 /* Pods_AuTime.framework */; };
		574CD1E12695F0610033CFB4 /* AuTimeApp.swift in Sources */ = {isa = PBXBuildFile; fileRef = 574CD1E02695F0610033CFB4 /* AuTimeApp.swift */; };
		574CD1E32695F0610033CFB4 /* ContentView.swift in Sources */ = {isa = PBXBuildFile; fileRef = 574CD1E22695F0610033CFB4 /* ContentView.swift */; };
		574CD1E52695F0630033CFB4 /* Assets.xcassets in Resources */ = {isa = PBXBuildFile; fileRef = 574CD1E42695F0630033CFB4 /* Assets.xcassets */; };
		574CD1E82695F0630033CFB4 /* Preview Assets.xcassets in Resources */ = {isa = PBXBuildFile; fileRef = 574CD1E72695F0630033CFB4 /* Preview Assets.xcassets */; };
		574DBC8C26A065A700F090BB /* GoogleService-Info.plist in Resources */ = {isa = PBXBuildFile; fileRef = 574DBC8B26A065A700F090BB /* GoogleService-Info.plist */; };
		574DBC8E26A0699700F090BB /* Activity.swift in Sources */ = {isa = PBXBuildFile; fileRef = 574DBC8D26A0699700F090BB /* Activity.swift */; };
		574DBC9026A06AC800F090BB /* ActivityViewModel.swift in Sources */ = {isa = PBXBuildFile; fileRef = 574DBC8F26A06AC800F090BB /* ActivityViewModel.swift */; };
		5769EC08269F3527009B071C /* CloudKit.framework in Frameworks */ = {isa = PBXBuildFile; fileRef = 5769EC07269F3527009B071C /* CloudKit.framework */; };
		5769EC0A269F364D009B071C /* CloudVM.swift in Sources */ = {isa = PBXBuildFile; fileRef = 5769EC09269F364D009B071C /* CloudVM.swift */; };
/* End PBXBuildFile section */

/* Begin PBXFileReference section */
		0488195C539A7088BF2F204F /* Pods-AuTime.debug.xcconfig */ = {isa = PBXFileReference; includeInIndex = 1; lastKnownFileType = text.xcconfig; name = "Pods-AuTime.debug.xcconfig"; path = "Target Support Files/Pods-AuTime/Pods-AuTime.debug.xcconfig"; sourceTree = "<group>"; };
		3927E09F5B3D599734D16BCE /* Pods-AuTime.release.xcconfig */ = {isa = PBXFileReference; includeInIndex = 1; lastKnownFileType = text.xcconfig; name = "Pods-AuTime.release.xcconfig"; path = "Target Support Files/Pods-AuTime/Pods-AuTime.release.xcconfig"; sourceTree = "<group>"; };
		574CD1DD2695F0610033CFB4 /* AuTime.app */ = {isa = PBXFileReference; explicitFileType = wrapper.application; includeInIndex = 0; path = AuTime.app; sourceTree = BUILT_PRODUCTS_DIR; };
		574CD1E02695F0610033CFB4 /* AuTimeApp.swift */ = {isa = PBXFileReference; lastKnownFileType = sourcecode.swift; path = AuTimeApp.swift; sourceTree = "<group>"; };
		574CD1E22695F0610033CFB4 /* ContentView.swift */ = {isa = PBXFileReference; lastKnownFileType = sourcecode.swift; path = ContentView.swift; sourceTree = "<group>"; };
		574CD1E42695F0630033CFB4 /* Assets.xcassets */ = {isa = PBXFileReference; lastKnownFileType = folder.assetcatalog; path = Assets.xcassets; sourceTree = "<group>"; };
		574CD1E72695F0630033CFB4 /* Preview Assets.xcassets */ = {isa = PBXFileReference; lastKnownFileType = folder.assetcatalog; path = "Preview Assets.xcassets"; sourceTree = "<group>"; };
		574CD1EE2695F0630033CFB4 /* Info.plist */ = {isa = PBXFileReference; lastKnownFileType = text.plist.xml; path = Info.plist; sourceTree = "<group>"; };
		574DBC8B26A065A700F090BB /* GoogleService-Info.plist */ = {isa = PBXFileReference; fileEncoding = 4; lastKnownFileType = text.plist.xml; path = "GoogleService-Info.plist"; sourceTree = "<group>"; };
		574DBC8D26A0699700F090BB /* Activity.swift */ = {isa = PBXFileReference; lastKnownFileType = sourcecode.swift; path = Activity.swift; sourceTree = "<group>"; };
		574DBC8F26A06AC800F090BB /* ActivityViewModel.swift */ = {isa = PBXFileReference; lastKnownFileType = sourcecode.swift; path = ActivityViewModel.swift; sourceTree = "<group>"; };
		5769EC05269F3520009B071C /* AuTime.entitlements */ = {isa = PBXFileReference; lastKnownFileType = text.plist.entitlements; path = AuTime.entitlements; sourceTree = "<group>"; };
		5769EC07269F3527009B071C /* CloudKit.framework */ = {isa = PBXFileReference; lastKnownFileType = wrapper.framework; name = CloudKit.framework; path = System/Library/Frameworks/CloudKit.framework; sourceTree = SDKROOT; };
		5769EC09269F364D009B071C /* CloudVM.swift */ = {isa = PBXFileReference; fileEncoding = 4; lastKnownFileType = sourcecode.swift; path = CloudVM.swift; sourceTree = "<group>"; };
		F799E0DFD49BC761124EEE93 /* Pods_AuTime.framework */ = {isa = PBXFileReference; explicitFileType = wrapper.framework; includeInIndex = 0; path = Pods_AuTime.framework; sourceTree = BUILT_PRODUCTS_DIR; };
/* End PBXFileReference section */

/* Begin PBXFrameworksBuildPhase section */
		574CD1DA2695F0610033CFB4 /* Frameworks */ = {
			isa = PBXFrameworksBuildPhase;
			buildActionMask = 2147483647;
			files = (
				5769EC08269F3527009B071C /* CloudKit.framework in Frameworks */,
				324E912D496C2693AB4083B9 /* Pods_AuTime.framework in Frameworks */,
			);
			runOnlyForDeploymentPostprocessing = 0;
		};
/* End PBXFrameworksBuildPhase section */

/* Begin PBXGroup section */
		574CD1D42695F0610033CFB4 = {
			isa = PBXGroup;
			children = (
				574CD1DF2695F0610033CFB4 /* AuTime */,
				574CD1DE2695F0610033CFB4 /* Products */,
				5769EC06269F3527009B071C /* Frameworks */,
				B224F7F0B679F0EBB8891377 /* Pods */,
			);
			sourceTree = "<group>";
		};
		574CD1DE2695F0610033CFB4 /* Products */ = {
			isa = PBXGroup;
			children = (
				574CD1DD2695F0610033CFB4 /* AuTime.app */,
			);
			name = Products;
			sourceTree = "<group>";
		};
		574CD1DF2695F0610033CFB4 /* AuTime */ = {
			isa = PBXGroup;
			children = (
				574DBC9126A0789C00F090BB /* Model */,
				574DBC9326A078D700F090BB /* View */,
				574DBC9226A078AD00F090BB /* ViewModel */,
				5769EC05269F3520009B071C /* AuTime.entitlements */,
				574CD1E02695F0610033CFB4 /* AuTimeApp.swift */,
				574CD1E42695F0630033CFB4 /* Assets.xcassets */,
				5769EC09269F364D009B071C /* CloudVM.swift */,
				574CD1EE2695F0630033CFB4 /* Info.plist */,
				574DBC8B26A065A700F090BB /* GoogleService-Info.plist */,
				574CD1E62695F0630033CFB4 /* Preview Content */,
			);
			path = AuTime;
			sourceTree = "<group>";
		};
		574CD1E62695F0630033CFB4 /* Preview Content */ = {
			isa = PBXGroup;
			children = (
				574CD1E72695F0630033CFB4 /* Preview Assets.xcassets */,
			);
			path = "Preview Content";
			sourceTree = "<group>";
		};
		574DBC9126A0789C00F090BB /* Model */ = {
			isa = PBXGroup;
			children = (
				574DBC8D26A0699700F090BB /* Activity.swift */,
			);
			path = Model;
			sourceTree = "<group>";
		};
		574DBC9226A078AD00F090BB /* ViewModel */ = {
			isa = PBXGroup;
			children = (
				574DBC8F26A06AC800F090BB /* ActivityViewModel.swift */,
			);
			path = ViewModel;
			sourceTree = "<group>";
		};
		574DBC9326A078D700F090BB /* View */ = {
			isa = PBXGroup;
			children = (
				574CD1E22695F0610033CFB4 /* ContentView.swift */,
			);
			path = View;
			sourceTree = "<group>";
		};
		5769EC06269F3527009B071C /* Frameworks */ = {
			isa = PBXGroup;
			children = (
				5769EC07269F3527009B071C /* CloudKit.framework */,
				F799E0DFD49BC761124EEE93 /* Pods_AuTime.framework */,
			);
			name = Frameworks;
			sourceTree = "<group>";
		};
		B224F7F0B679F0EBB8891377 /* Pods */ = {
			isa = PBXGroup;
			children = (
				0488195C539A7088BF2F204F /* Pods-AuTime.debug.xcconfig */,
				3927E09F5B3D599734D16BCE /* Pods-AuTime.release.xcconfig */,
			);
			path = Pods;
			sourceTree = "<group>";
		};
/* End PBXGroup section */

/* Begin PBXNativeTarget section */
		574CD1DC2695F0610033CFB4 /* AuTime */ = {
			isa = PBXNativeTarget;
			buildConfigurationList = 574CD1F12695F0630033CFB4 /* Build configuration list for PBXNativeTarget "AuTime" */;
			buildPhases = (
				5062DCF2FE3D1E2BCE30E3C3 /* [CP] Check Pods Manifest.lock */,
				574CD1D92695F0610033CFB4 /* Sources */,
				574CD1DA2695F0610033CFB4 /* Frameworks */,
				574CD1DB2695F0610033CFB4 /* Resources */,
				5311A827C39D04E5D48DB5F6 /* [CP] Embed Pods Frameworks */,
			);
			buildRules = (
			);
			dependencies = (
			);
			name = AuTime;
			productName = AuTime;
			productReference = 574CD1DD2695F0610033CFB4 /* AuTime.app */;
			productType = "com.apple.product-type.application";
		};
/* End PBXNativeTarget section */

/* Begin PBXProject section */
		574CD1D52695F0610033CFB4 /* Project object */ = {
			isa = PBXProject;
			attributes = {
				LastSwiftUpdateCheck = 1250;
				LastUpgradeCheck = 1250;
				TargetAttributes = {
					574CD1DC2695F0610033CFB4 = {
						CreatedOnToolsVersion = 12.5.1;
					};
				};
			};
			buildConfigurationList = 574CD1D82695F0610033CFB4 /* Build configuration list for PBXProject "AuTime" */;
			compatibilityVersion = "Xcode 9.3";
			developmentRegion = en;
			hasScannedForEncodings = 0;
			knownRegions = (
				en,
				Base,
			);
			mainGroup = 574CD1D42695F0610033CFB4;
			productRefGroup = 574CD1DE2695F0610033CFB4 /* Products */;
			projectDirPath = "";
			projectRoot = "";
			targets = (
				574CD1DC2695F0610033CFB4 /* AuTime */,
			);
		};
/* End PBXProject section */

/* Begin PBXResourcesBuildPhase section */
		574CD1DB2695F0610033CFB4 /* Resources */ = {
			isa = PBXResourcesBuildPhase;
			buildActionMask = 2147483647;
			files = (
				574CD1E82695F0630033CFB4 /* Preview Assets.xcassets in Resources */,
				574CD1E52695F0630033CFB4 /* Assets.xcassets in Resources */,
				574DBC8C26A065A700F090BB /* GoogleService-Info.plist in Resources */,
			);
			runOnlyForDeploymentPostprocessing = 0;
		};
/* End PBXResourcesBuildPhase section */

/* Begin PBXShellScriptBuildPhase section */
		5062DCF2FE3D1E2BCE30E3C3 /* [CP] Check Pods Manifest.lock */ = {
			isa = PBXShellScriptBuildPhase;
			buildActionMask = 2147483647;
			files = (
			);
			inputFileListPaths = (
			);
			inputPaths = (
				"${PODS_PODFILE_DIR_PATH}/Podfile.lock",
				"${PODS_ROOT}/Manifest.lock",
			);
			name = "[CP] Check Pods Manifest.lock";
			outputFileListPaths = (
			);
			outputPaths = (
				"$(DERIVED_FILE_DIR)/Pods-AuTime-checkManifestLockResult.txt",
			);
			runOnlyForDeploymentPostprocessing = 0;
			shellPath = /bin/sh;
			shellScript = "diff \"${PODS_PODFILE_DIR_PATH}/Podfile.lock\" \"${PODS_ROOT}/Manifest.lock\" > /dev/null\nif [ $? != 0 ] ; then\n    # print error to STDERR\n    echo \"error: The sandbox is not in sync with the Podfile.lock. Run 'pod install' or update your CocoaPods installation.\" >&2\n    exit 1\nfi\n# This output is used by Xcode 'outputs' to avoid re-running this script phase.\necho \"SUCCESS\" > \"${SCRIPT_OUTPUT_FILE_0}\"\n";
			showEnvVarsInLog = 0;
		};
		5311A827C39D04E5D48DB5F6 /* [CP] Embed Pods Frameworks */ = {
			isa = PBXShellScriptBuildPhase;
			buildActionMask = 2147483647;
			files = (
			);
			inputFileListPaths = (
				"${PODS_ROOT}/Target Support Files/Pods-AuTime/Pods-AuTime-frameworks-${CONFIGURATION}-input-files.xcfilelist",
			);
			name = "[CP] Embed Pods Frameworks";
			outputFileListPaths = (
				"${PODS_ROOT}/Target Support Files/Pods-AuTime/Pods-AuTime-frameworks-${CONFIGURATION}-output-files.xcfilelist",
			);
			runOnlyForDeploymentPostprocessing = 0;
			shellPath = /bin/sh;
			shellScript = "\"${PODS_ROOT}/Target Support Files/Pods-AuTime/Pods-AuTime-frameworks.sh\"\n";
			showEnvVarsInLog = 0;
		};
/* End PBXShellScriptBuildPhase section */

/* Begin PBXSourcesBuildPhase section */
		574CD1D92695F0610033CFB4 /* Sources */ = {
			isa = PBXSourcesBuildPhase;
			buildActionMask = 2147483647;
			files = (
				574DBC9026A06AC800F090BB /* ActivityViewModel.swift in Sources */,
				574CD1E32695F0610033CFB4 /* ContentView.swift in Sources */,
				574CD1E12695F0610033CFB4 /* AuTimeApp.swift in Sources */,
				574DBC8E26A0699700F090BB /* Activity.swift in Sources */,
				5769EC0A269F364D009B071C /* CloudVM.swift in Sources */,
			);
			runOnlyForDeploymentPostprocessing = 0;
		};
/* End PBXSourcesBuildPhase section */

/* Begin XCBuildConfiguration section */
		574CD1EF2695F0630033CFB4 /* Debug */ = {
			isa = XCBuildConfiguration;
			buildSettings = {
				ALWAYS_SEARCH_USER_PATHS = NO;
				CLANG_ANALYZER_NONNULL = YES;
				CLANG_ANALYZER_NUMBER_OBJECT_CONVERSION = YES_AGGRESSIVE;
				CLANG_CXX_LANGUAGE_STANDARD = "gnu++14";
				CLANG_CXX_LIBRARY = "libc++";
				CLANG_ENABLE_MODULES = YES;
				CLANG_ENABLE_OBJC_ARC = YES;
				CLANG_ENABLE_OBJC_WEAK = YES;
				CLANG_WARN_BLOCK_CAPTURE_AUTORELEASING = YES;
				CLANG_WARN_BOOL_CONVERSION = YES;
				CLANG_WARN_COMMA = YES;
				CLANG_WARN_CONSTANT_CONVERSION = YES;
				CLANG_WARN_DEPRECATED_OBJC_IMPLEMENTATIONS = YES;
				CLANG_WARN_DIRECT_OBJC_ISA_USAGE = YES_ERROR;
				CLANG_WARN_DOCUMENTATION_COMMENTS = YES;
				CLANG_WARN_EMPTY_BODY = YES;
				CLANG_WARN_ENUM_CONVERSION = YES;
				CLANG_WARN_INFINITE_RECURSION = YES;
				CLANG_WARN_INT_CONVERSION = YES;
				CLANG_WARN_NON_LITERAL_NULL_CONVERSION = YES;
				CLANG_WARN_OBJC_IMPLICIT_RETAIN_SELF = YES;
				CLANG_WARN_OBJC_LITERAL_CONVERSION = YES;
				CLANG_WARN_OBJC_ROOT_CLASS = YES_ERROR;
				CLANG_WARN_QUOTED_INCLUDE_IN_FRAMEWORK_HEADER = YES;
				CLANG_WARN_RANGE_LOOP_ANALYSIS = YES;
				CLANG_WARN_STRICT_PROTOTYPES = YES;
				CLANG_WARN_SUSPICIOUS_MOVE = YES;
				CLANG_WARN_UNGUARDED_AVAILABILITY = YES_AGGRESSIVE;
				CLANG_WARN_UNREACHABLE_CODE = YES;
				CLANG_WARN__DUPLICATE_METHOD_MATCH = YES;
				COPY_PHASE_STRIP = NO;
				DEBUG_INFORMATION_FORMAT = dwarf;
				ENABLE_STRICT_OBJC_MSGSEND = YES;
				ENABLE_TESTABILITY = YES;
				GCC_C_LANGUAGE_STANDARD = gnu11;
				GCC_DYNAMIC_NO_PIC = NO;
				GCC_NO_COMMON_BLOCKS = YES;
				GCC_OPTIMIZATION_LEVEL = 0;
				GCC_PREPROCESSOR_DEFINITIONS = (
					"DEBUG=1",
					"$(inherited)",
				);
				GCC_WARN_64_TO_32_BIT_CONVERSION = YES;
				GCC_WARN_ABOUT_RETURN_TYPE = YES_ERROR;
				GCC_WARN_UNDECLARED_SELECTOR = YES;
				GCC_WARN_UNINITIALIZED_AUTOS = YES_AGGRESSIVE;
				GCC_WARN_UNUSED_FUNCTION = YES;
				GCC_WARN_UNUSED_VARIABLE = YES;
				IPHONEOS_DEPLOYMENT_TARGET = 14.5;
				MTL_ENABLE_DEBUG_INFO = INCLUDE_SOURCE;
				MTL_FAST_MATH = YES;
				ONLY_ACTIVE_ARCH = YES;
				SDKROOT = iphoneos;
				SWIFT_ACTIVE_COMPILATION_CONDITIONS = DEBUG;
				SWIFT_OPTIMIZATION_LEVEL = "-Onone";
			};
			name = Debug;
		};
		574CD1F02695F0630033CFB4 /* Release */ = {
			isa = XCBuildConfiguration;
			buildSettings = {
				ALWAYS_SEARCH_USER_PATHS = NO;
				CLANG_ANALYZER_NONNULL = YES;
				CLANG_ANALYZER_NUMBER_OBJECT_CONVERSION = YES_AGGRESSIVE;
				CLANG_CXX_LANGUAGE_STANDARD = "gnu++14";
				CLANG_CXX_LIBRARY = "libc++";
				CLANG_ENABLE_MODULES = YES;
				CLANG_ENABLE_OBJC_ARC = YES;
				CLANG_ENABLE_OBJC_WEAK = YES;
				CLANG_WARN_BLOCK_CAPTURE_AUTORELEASING = YES;
				CLANG_WARN_BOOL_CONVERSION = YES;
				CLANG_WARN_COMMA = YES;
				CLANG_WARN_CONSTANT_CONVERSION = YES;
				CLANG_WARN_DEPRECATED_OBJC_IMPLEMENTATIONS = YES;
				CLANG_WARN_DIRECT_OBJC_ISA_USAGE = YES_ERROR;
				CLANG_WARN_DOCUMENTATION_COMMENTS = YES;
				CLANG_WARN_EMPTY_BODY = YES;
				CLANG_WARN_ENUM_CONVERSION = YES;
				CLANG_WARN_INFINITE_RECURSION = YES;
				CLANG_WARN_INT_CONVERSION = YES;
				CLANG_WARN_NON_LITERAL_NULL_CONVERSION = YES;
				CLANG_WARN_OBJC_IMPLICIT_RETAIN_SELF = YES;
				CLANG_WARN_OBJC_LITERAL_CONVERSION = YES;
				CLANG_WARN_OBJC_ROOT_CLASS = YES_ERROR;
				CLANG_WARN_QUOTED_INCLUDE_IN_FRAMEWORK_HEADER = YES;
				CLANG_WARN_RANGE_LOOP_ANALYSIS = YES;
				CLANG_WARN_STRICT_PROTOTYPES = YES;
				CLANG_WARN_SUSPICIOUS_MOVE = YES;
				CLANG_WARN_UNGUARDED_AVAILABILITY = YES_AGGRESSIVE;
				CLANG_WARN_UNREACHABLE_CODE = YES;
				CLANG_WARN__DUPLICATE_METHOD_MATCH = YES;
				COPY_PHASE_STRIP = NO;
				DEBUG_INFORMATION_FORMAT = "dwarf-with-dsym";
				ENABLE_NS_ASSERTIONS = NO;
				ENABLE_STRICT_OBJC_MSGSEND = YES;
				GCC_C_LANGUAGE_STANDARD = gnu11;
				GCC_NO_COMMON_BLOCKS = YES;
				GCC_WARN_64_TO_32_BIT_CONVERSION = YES;
				GCC_WARN_ABOUT_RETURN_TYPE = YES_ERROR;
				GCC_WARN_UNDECLARED_SELECTOR = YES;
				GCC_WARN_UNINITIALIZED_AUTOS = YES_AGGRESSIVE;
				GCC_WARN_UNUSED_FUNCTION = YES;
				GCC_WARN_UNUSED_VARIABLE = YES;
				IPHONEOS_DEPLOYMENT_TARGET = 14.5;
				MTL_ENABLE_DEBUG_INFO = NO;
				MTL_FAST_MATH = YES;
				SDKROOT = iphoneos;
				SWIFT_COMPILATION_MODE = wholemodule;
				SWIFT_OPTIMIZATION_LEVEL = "-O";
				VALIDATE_PRODUCT = YES;
			};
			name = Release;
		};
		574CD1F22695F0630033CFB4 /* Debug */ = {
			isa = XCBuildConfiguration;
			baseConfigurationReference = 0488195C539A7088BF2F204F /* Pods-AuTime.debug.xcconfig */;
			buildSettings = {
				ASSETCATALOG_COMPILER_APPICON_NAME = AppIcon;
				ASSETCATALOG_COMPILER_GLOBAL_ACCENT_COLOR_NAME = AccentColor;
				CODE_SIGN_ENTITLEMENTS = AuTime/AuTime.entitlements;
				CODE_SIGN_STYLE = Automatic;
				DEVELOPMENT_ASSET_PATHS = "\"AuTime/Preview Content\"";
				DEVELOPMENT_TEAM = VZ9BWS84AA;
				ENABLE_PREVIEWS = YES;
				INFOPLIST_FILE = AuTime/Info.plist;
				IPHONEOS_DEPLOYMENT_TARGET = 14.0;
				LD_RUNPATH_SEARCH_PATHS = (
					"$(inherited)",
					"@executable_path/Frameworks",
				);
				PRODUCT_BUNDLE_IDENTIFIER = academy.ufpe.br.AuTime;
				PRODUCT_NAME = "$(TARGET_NAME)";
				SWIFT_VERSION = 5.0;
				TARGETED_DEVICE_FAMILY = "1,2";
			};
			name = Debug;
		};
		574CD1F32695F0630033CFB4 /* Release */ = {
			isa = XCBuildConfiguration;
			baseConfigurationReference = 3927E09F5B3D599734D16BCE /* Pods-AuTime.release.xcconfig */;
			buildSettings = {
				ASSETCATALOG_COMPILER_APPICON_NAME = AppIcon;
				ASSETCATALOG_COMPILER_GLOBAL_ACCENT_COLOR_NAME = AccentColor;
				CODE_SIGN_ENTITLEMENTS = AuTime/AuTime.entitlements;
				CODE_SIGN_STYLE = Automatic;
				DEVELOPMENT_ASSET_PATHS = "\"AuTime/Preview Content\"";
				DEVELOPMENT_TEAM = VZ9BWS84AA;
				ENABLE_PREVIEWS = YES;
				INFOPLIST_FILE = AuTime/Info.plist;
				IPHONEOS_DEPLOYMENT_TARGET = 14.0;
				LD_RUNPATH_SEARCH_PATHS = (
					"$(inherited)",
					"@executable_path/Frameworks",
				);
				PRODUCT_BUNDLE_IDENTIFIER = academy.ufpe.br.AuTime;
				PRODUCT_NAME = "$(TARGET_NAME)";
				SWIFT_VERSION = 5.0;
				TARGETED_DEVICE_FAMILY = "1,2";
			};
			name = Release;
		};
/* End XCBuildConfiguration section */

/* Begin XCConfigurationList section */
		574CD1D82695F0610033CFB4 /* Build configuration list for PBXProject "AuTime" */ = {
			isa = XCConfigurationList;
			buildConfigurations = (
				574CD1EF2695F0630033CFB4 /* Debug */,
				574CD1F02695F0630033CFB4 /* Release */,
			);
			defaultConfigurationIsVisible = 0;
			defaultConfigurationName = Release;
		};
		574CD1F12695F0630033CFB4 /* Build configuration list for PBXNativeTarget "AuTime" */ = {
			isa = XCConfigurationList;
			buildConfigurations = (
				574CD1F22695F0630033CFB4 /* Debug */,
				574CD1F32695F0630033CFB4 /* Release */,
			);
			defaultConfigurationIsVisible = 0;
			defaultConfigurationName = Release;
		};
/* End XCConfigurationList section */
	};
	rootObject = 574CD1D52695F0610033CFB4 /* Project object */;
}
